
Microsoft Visual Studio Solution File, Format Version 12.00
# Visual Studio Version 17
VisualStudioVersion = 17.5.002.0
MinimumVisualStudioVersion = 10.0.40219.1
Project("{9A19103F-16F7-4668-BE54-9A1E7A4F7556}") = "POO_Traramento_Excecoes", "POO_Traramento_Excecoes.csproj", "{3B3DCECD-098B-4A0C-960E-769E2A3D216D}"
EndProject
Global
	GlobalSection(SolutionConfigurationPlatforms) = preSolution
		Debug|Any CPU = Debug|Any CPU
		Release|Any CPU = Release|Any CPU
	EndGlobalSection
	GlobalSection(ProjectConfigurationPlatforms) = postSolution
		{3B3DCECD-098B-4A0C-960E-769E2A3D216D}.Debug|Any CPU.ActiveCfg = Debug|Any CPU
		{3B3DCECD-098B-4A0C-960E-769E2A3D216D}.Debug|Any CPU.Build.0 = Debug|Any CPU
		{3B3DCECD-098B-4A0C-960E-769E2A3D216D}.Release|Any CPU.ActiveCfg = Release|Any CPU
		{3B3DCECD-098B-4A0C-960E-769E2A3D216D}.Release|Any CPU.Build.0 = Release|Any CPU
	EndGlobalSection
	GlobalSection(SolutionProperties) = preSolution
		HideSolutionNode = FALSE
	EndGlobalSection
	GlobalSection(ExtensibilityGlobals) = postSolution
		SolutionGuid = {D8746D42-D655-4785-ADFF-9C392B00D000}
	EndGlobalSection
EndGlobal
